
Microsoft Visual Studio Solution File, Format Version 12.00
# Visual Studio 15
VisualStudioVersion = 15.0.28307.329
MinimumVisualStudioVersion = 10.0.40219.1
Project("{8BC9CEB8-8B4A-11D0-8D11-00A0C91BC942}") = "RE2Tool", "RE2Tool\RE2Tool.vcxproj", "{995A535E-1B61-46FC-8E31-4DD3781C28EB}"
EndProject
Global
	GlobalSection(SolutionConfigurationPlatforms) = preSolution
		Debug|x64 = Debug|x64
		Debug|x86 = Debug|x86
		Release|x64 = Release|x64
		Release|x86 = Release|x86
	EndGlobalSection
	GlobalSection(ProjectConfigurationPlatforms) = postSolution
		{995A535E-1B61-46FC-8E31-4DD3781C28EB}.Debug|x64.ActiveCfg = Debug|x64
		{995A535E-1B61-46FC-8E31-4DD3781C28EB}.Debug|x64.Build.0 = Debug|x64
		{995A535E-1B61-46FC-8E31-4DD3781C28EB}.Debug|x86.ActiveCfg = Debug|Win32
		{995A535E-1B61-46FC-8E31-4DD3781C28EB}.Debug|x86.Build.0 = Debug|Win32
		{995A535E-1B61-46FC-8E31-4DD3781C28EB}.Release|x64.ActiveCfg = Release|x64
		{995A535E-1B61-46FC-8E31-4DD3781C28EB}.Release|x64.Build.0 = Release|x64
		{995A535E-1B61-46FC-8E31-4DD3781C28EB}.Release|x86.ActiveCfg = Release|Win32
		{995A535E-1B61-46FC-8E31-4DD3781C28EB}.Release|x86.Build.0 = Release|Win32
	EndGlobalSection
	GlobalSection(SolutionProperties) = preSolution
		HideSolutionNode = FALSE
	EndGlobalSection
	GlobalSection(ExtensibilityGlobals) = postSolution
		SolutionGuid = {B3E3E3C6-056C-424C-95C6-F1F15AFD5478}
	EndGlobalSection
EndGlobal
