<?xml version="1.0" encoding="utf-8"?>
<Project ToolsVersion="4.0" xmlns="http://schemas.microsoft.com/developer/msbuild/2003">
  <ItemGroup>
    <Filter Include="Source Files">
      <UniqueIdentifier>{4FC737F1-C7A5-4376-A066-2A32D752A2FF}</UniqueIdentifier>
      <Extensions>cpp;c;cc;cxx;def;odl;idl;hpj;bat;asm;asmx</Extensions>
    </Filter>
    <Filter Include="Header Files">
      <UniqueIdentifier>{93995380-89BD-4b04-88EB-625FBE52EBFB}</UniqueIdentifier>
      <Extensions>h;hh;hpp;hxx;hm;inl;inc;ipp;xsd</Extensions>
    </Filter>
    <Filter Include="Resource Files">
      <UniqueIdentifier>{67DA6AB6-F800-4c08-8B7A-83BB121AAD01}</UniqueIdentifier>
      <Extensions>rc;ico;cur;bmp;dlg;rc2;rct;bin;rgs;gif;jpg;jpeg;jpe;resx;tiff;tif;png;wav;mfcribbon-ms</Extensions>
    </Filter>
    <Filter Include="Header Files\imgui">
      <UniqueIdentifier>{d94c0a6d-55d4-4a40-879f-cee42c3f1e7b}</UniqueIdentifier>
    </Filter>
    <Filter Include="Source Files\imgui">
      <UniqueIdentifier>{ed693dba-5a9b-46ca-97bf-0721a22c832c}</UniqueIdentifier>
    </Filter>
    <Filter Include="Header Files\MinHook">
      <UniqueIdentifier>{88b4dbf7-e081-40d4-8d54-55e23d8ab68c}</UniqueIdentifier>
    </Filter>
    <Filter Include="Source Files\MinHook">
      <UniqueIdentifier>{c8ac7f70-7a4c-4921-b422-77faedc9d37c}</UniqueIdentifier>
    </Filter>
    <Filter Include="Source Files\FW1FontWrapper">
      <UniqueIdentifier>{2458a065-981f-4623-b388-8470fa1dd1ff}</UniqueIdentifier>
    </Filter>
    <Filter Include="Header Files\FW1FontWrapper">
      <UniqueIdentifier>{1c82742c-a35a-46a8-97f3-792cdce581fa}</UniqueIdentifier>
    </Filter>
  </ItemGroup>
  <ItemGroup>
    <ClCompile Include="Main.cpp">
      <Filter>Source Files</Filter>
    </ClCompile>
    <ClCompile Include="D3D11Hook.cpp">
      <Filter>Source Files</Filter>
    </ClCompile>
    <ClCompile Include="FunctionHook.cpp">
      <Filter>Source Files</Filter>
    </ClCompile>
    <ClCompile Include="Address.cpp">
      <Filter>Source Files</Filter>
    </ClCompile>
    <ClCompile Include="REFramework.cpp">
      <Filter>Source Files</Filter>
    </ClCompile>
    <ClCompile Include="FW1FontWrapper\include\CFW1ColorRGBA.cpp">
      <Filter>Source Files\FW1FontWrapper</Filter>
    </ClCompile>
    <ClCompile Include="FW1FontWrapper\include\CFW1ColorRGBAInterface.cpp">
      <Filter>Source Files\FW1FontWrapper</Filter>
    </ClCompile>
    <ClCompile Include="FW1FontWrapper\include\CFW1DWriteRenderTarget.cpp">
      <Filter>Source Files\FW1FontWrapper</Filter>
    </ClCompile>
    <ClCompile Include="FW1FontWrapper\include\CFW1DWriteRenderTargetInterface.cpp">
      <Filter>Source Files\FW1FontWrapper</Filter>
    </ClCompile>
    <ClCompile Include="FW1FontWrapper\include\CFW1Factory.cpp">
      <Filter>Source Files\FW1FontWrapper</Filter>
    </ClCompile>
    <ClCompile Include="FW1FontWrapper\include\CFW1FactoryInterface.cpp">
      <Filter>Source Files\FW1FontWrapper</Filter>
    </ClCompile>
    <ClCompile Include="FW1FontWrapper\include\CFW1FontWrapper.cpp">
      <Filter>Source Files\FW1FontWrapper</Filter>
    </ClCompile>
    <ClCompile Include="FW1FontWrapper\include\CFW1FontWrapperInterface.cpp">
      <Filter>Source Files\FW1FontWrapper</Filter>
    </ClCompile>
    <ClCompile Include="FW1FontWrapper\include\CFW1GlyphAtlas.cpp">
      <Filter>Source Files\FW1FontWrapper</Filter>
    </ClCompile>
    <ClCompile Include="FW1FontWrapper\include\CFW1GlyphAtlasInterface.cpp">
      <Filter>Source Files\FW1FontWrapper</Filter>
    </ClCompile>
    <ClCompile Include="FW1FontWrapper\include\CFW1GlyphProvider.cpp">
      <Filter>Source Files\FW1FontWrapper</Filter>
    </ClCompile>
    <ClCompile Include="FW1FontWrapper\include\CFW1GlyphProviderInterface.cpp">
      <Filter>Source Files\FW1FontWrapper</Filter>
    </ClCompile>
    <ClCompile Include="FW1FontWrapper\include\CFW1GlyphRenderStates.cpp">
      <Filter>Source Files\FW1FontWrapper</Filter>
    </ClCompile>
    <ClCompile Include="FW1FontWrapper\include\CFW1GlyphRenderStatesInterface.cpp">
      <Filter>Source Files\FW1FontWrapper</Filter>
    </ClCompile>
    <ClCompile Include="FW1FontWrapper\include\CFW1GlyphSheet.cpp">
      <Filter>Source Files\FW1FontWrapper</Filter>
    </ClCompile>
    <ClCompile Include="FW1FontWrapper\include\CFW1GlyphSheetInterface.cpp">
      <Filter>Source Files\FW1FontWrapper</Filter>
    </ClCompile>
    <ClCompile Include="FW1FontWrapper\include\CFW1GlyphVertexDrawer.cpp">
      <Filter>Source Files\FW1FontWrapper</Filter>
    </ClCompile>
    <ClCompile Include="FW1FontWrapper\include\CFW1GlyphVertexDrawerInterface.cpp">
      <Filter>Source Files\FW1FontWrapper</Filter>
    </ClCompile>
    <ClCompile Include="FW1FontWrapper\include\CFW1StateSaver.cpp">
      <Filter>Source Files\FW1FontWrapper</Filter>
    </ClCompile>
    <ClCompile Include="FW1FontWrapper\include\CFW1TextGeometry.cpp">
      <Filter>Source Files\FW1FontWrapper</Filter>
    </ClCompile>
    <ClCompile Include="FW1FontWrapper\include\CFW1TextGeometryInterface.cpp">
      <Filter>Source Files\FW1FontWrapper</Filter>
    </ClCompile>
    <ClCompile Include="FW1FontWrapper\include\CFW1TextRenderer.cpp">
      <Filter>Source Files\FW1FontWrapper</Filter>
    </ClCompile>
    <ClCompile Include="FW1FontWrapper\include\CFW1TextRendererInterface.cpp">
      <Filter>Source Files\FW1FontWrapper</Filter>
    </ClCompile>
    <ClCompile Include="FW1FontWrapper\include\FW1FontWrapper.cpp">
      <Filter>Source Files\FW1FontWrapper</Filter>
    </ClCompile>
    <ClCompile Include="FW1FontWrapper\include\FW1Precompiled.cpp">
      <Filter>Source Files\FW1FontWrapper</Filter>
    </ClCompile>
    <ClCompile Include="imgui\imgui.cpp">
      <Filter>Source Files\imgui</Filter>
    </ClCompile>
    <ClCompile Include="imgui\imgui_draw.cpp">
      <Filter>Source Files\imgui</Filter>
    </ClCompile>
    <ClCompile Include="imgui\imgui_impl_dx11.cpp">
      <Filter>Source Files\imgui</Filter>
    </ClCompile>
    <ClCompile Include="imgui\imgui_impl_win32.cpp">
      <Filter>Source Files\imgui</Filter>
    </ClCompile>
    <ClCompile Include="imgui\imgui_widgets.cpp">
      <Filter>Source Files\imgui</Filter>
    </ClCompile>
    <ClCompile Include="imgui\imgui_demo.cpp">
      <Filter>Source Files\imgui</Filter>
    </ClCompile>
    <ClCompile Include="DInputHook.cpp">
      <Filter>Source Files</Filter>
    </ClCompile>
    <ClCompile Include="WindowsMessageHook.cpp">
      <Filter>Source Files</Filter>
    </ClCompile>
    <ClCompile Include="MemoryUtil.cpp">
      <Filter>Source Files</Filter>
    </ClCompile>
    <ClCompile Include="VirtualData.cpp">
      <Filter>Source Files</Filter>
    </ClCompile>
  </ItemGroup>
  <ItemGroup>
    <ClInclude Include="D3D11Hook.h">
      <Filter>Header Files</Filter>
    </ClInclude>
    <ClInclude Include="FunctionHook.h">
      <Filter>Header Files</Filter>
    </ClInclude>
    <ClInclude Include="Address.h">
      <Filter>Header Files</Filter>
    </ClInclude>
    <ClInclude Include="REFramework.h">
      <Filter>Header Files</Filter>
    </ClInclude>
    <ClInclude Include="FW1FontWrapper\include\CFW1ColorRGBA.h">
      <Filter>Header Files\FW1FontWrapper</Filter>
    </ClInclude>
    <ClInclude Include="FW1FontWrapper\include\CFW1DWriteRenderTarget.h">
      <Filter>Header Files\FW1FontWrapper</Filter>
    </ClInclude>
    <ClInclude Include="FW1FontWrapper\include\CFW1Factory.h">
      <Filter>Header Files\FW1FontWrapper</Filter>
    </ClInclude>
    <ClInclude Include="FW1FontWrapper\include\CFW1FontWrapper.h">
      <Filter>Header Files\FW1FontWrapper</Filter>
    </ClInclude>
    <ClInclude Include="FW1FontWrapper\include\CFW1GlyphAtlas.h">
      <Filter>Header Files\FW1FontWrapper</Filter>
    </ClInclude>
    <ClInclude Include="FW1FontWrapper\include\CFW1GlyphProvider.h">
      <Filter>Header Files\FW1FontWrapper</Filter>
    </ClInclude>
    <ClInclude Include="FW1FontWrapper\include\CFW1GlyphRenderStates.h">
      <Filter>Header Files\FW1FontWrapper</Filter>
    </ClInclude>
    <ClInclude Include="FW1FontWrapper\include\CFW1GlyphSheet.h">
      <Filter>Header Files\FW1FontWrapper</Filter>
    </ClInclude>
    <ClInclude Include="FW1FontWrapper\include\CFW1GlyphVertexDrawer.h">
      <Filter>Header Files\FW1FontWrapper</Filter>
    </ClInclude>
    <ClInclude Include="FW1FontWrapper\include\CFW1Object.h">
      <Filter>Header Files\FW1FontWrapper</Filter>
    </ClInclude>
    <ClInclude Include="FW1FontWrapper\include\CFW1StateSaver.h">
      <Filter>Header Files\FW1FontWrapper</Filter>
    </ClInclude>
    <ClInclude Include="FW1FontWrapper\include\CFW1TextGeometry.h">
      <Filter>Header Files\FW1FontWrapper</Filter>
    </ClInclude>
    <ClInclude Include="FW1FontWrapper\include\CFW1TextRenderer.h">
      <Filter>Header Files\FW1FontWrapper</Filter>
    </ClInclude>
    <ClInclude Include="FW1FontWrapper\include\FW1CompileSettings.h">
      <Filter>Header Files\FW1FontWrapper</Filter>
    </ClInclude>
    <ClInclude Include="FW1FontWrapper\include\FW1FontWrapper.h">
      <Filter>Header Files\FW1FontWrapper</Filter>
    </ClInclude>
    <ClInclude Include="FW1FontWrapper\include\FW1Precompiled.h">
      <Filter>Header Files\FW1FontWrapper</Filter>
    </ClInclude>
    <ClInclude Include="MinHook\include\MinHook.h">
      <Filter>Header Files\MinHook</Filter>
    </ClInclude>
    <ClInclude Include="imgui\imconfig.h">
      <Filter>Header Files\imgui</Filter>
    </ClInclude>
    <ClInclude Include="imgui\imgui.h">
      <Filter>Header Files\imgui</Filter>
    </ClInclude>
    <ClInclude Include="imgui\imgui_impl_dx11.h">
      <Filter>Header Files\imgui</Filter>
    </ClInclude>
    <ClInclude Include="imgui\imgui_impl_win32.h">
      <Filter>Header Files\imgui</Filter>
    </ClInclude>
    <ClInclude Include="imgui\imgui_internal.h">
      <Filter>Header Files\imgui</Filter>
    </ClInclude>
    <ClInclude Include="imgui\imstb_rectpack.h">
      <Filter>Header Files\imgui</Filter>
    </ClInclude>
    <ClInclude Include="imgui\imstb_textedit.h">
      <Filter>Header Files\imgui</Filter>
    </ClInclude>
    <ClInclude Include="imgui\imstb_truetype.h">
      <Filter>Header Files\imgui</Filter>
    </ClInclude>
    <ClInclude Include="DInputHook.h">
      <Filter>Header Files</Filter>
    </ClInclude>
    <ClInclude Include="WindowsMessageHook.h">
      <Filter>Header Files</Filter>
    </ClInclude>
    <ClInclude Include="MemoryUtil.h">
      <Filter>Header Files</Filter>
    </ClInclude>
    <ClInclude Include="VirtualData.h">
      <Filter>Header Files</Filter>
    </ClInclude>
  </ItemGroup>
</Project>